
Microsoft Visual Studio Solution File, Format Version 12.00
Project("{FAE04EC0-301F-11D3-BF4B-00C04F79EFBC}") = "Cars", "Cars\Cars.csproj", "{5C6AA180-2970-4919-9762-E5090D23A094}"
EndProject
Project("{2150E333-8FDC-42A3-9474-1A3956D46DE8}") = "Solution Items", "Solution Items", "{D703A3E8-DFBB-416B-8989-BBAB5F7807BA}"
	ProjectSection(SolutionItems) = preProject
		compose.yaml = compose.yaml
	EndProjectSection
EndProject
Global
	GlobalSection(SolutionConfigurationPlatforms) = preSolution
		Debug|Any CPU = Debug|Any CPU
		Release|Any CPU = Release|Any CPU
	EndGlobalSection
	GlobalSection(ProjectConfigurationPlatforms) = postSolution
		{5C6AA180-2970-4919-9762-E5090D23A094}.Debug|Any CPU.ActiveCfg = Debug|Any CPU
		{5C6AA180-2970-4919-9762-E5090D23A094}.Debug|Any CPU.Build.0 = Debug|Any CPU
		{5C6AA180-2970-4919-9762-E5090D23A094}.Release|Any CPU.ActiveCfg = Release|Any CPU
		{5C6AA180-2970-4919-9762-E5090D23A094}.Release|Any CPU.Build.0 = Release|Any CPU
	EndGlobalSection
EndGlobal
